# THIS IS AN AUTOGENERATED FILE. DO NOT EDIT THIS FILE DIRECTLY.
# yarn lockfile v1


daisyui@^5.0.18:
  version "5.0.18"
  resolved "https://registry.yarnpkg.com/daisyui/-/daisyui-5.0.18.tgz#2513eba996d0f80a63bca1878a763ff02649fecf"
  integrity sha512-UKbuXChAZYhhjEGs9iKU3dSOup+WDY8fZaGa9VF4GkFQsF0ZAkb3yPTqjFUiE+2r3zFxv8JX+yhc06JPQbzqmw==
